// !$*UTF8*$!
{
	archiveVersion = 1;
	classes = {
	};
	objectVersion = 46;
	objects = {

/* Begin PBXBuildFile section */
		F2BACE591E8B862900F6AD2E /* AppDelegate.swift in Sources */ = {isa = PBXBuildFile; fileRef = F2BACE581E8B862900F6AD2E /* AppDelegate.swift */; };
		F2BACE5B1E8B862900F6AD2E /* ViewController.swift in Sources */ = {isa = PBXBuildFile; fileRef = F2BACE5A1E8B862900F6AD2E /* ViewController.swift */; };
		F2BACE5E1E8B862900F6AD2E /* Main.storyboard in Resources */ = {isa = PBXBuildFile; fileRef = F2BACE5C1E8B862900F6AD2E /* Main.storyboard */; };
		F2BACE601E8B862900F6AD2E /* Assets.xcassets in Resources */ = {isa = PBXBuildFile; fileRef = F2BACE5F1E8B862900F6AD2E /* Assets.xcassets */; };
		F2BACE631E8B862900F6AD2E /* LaunchScreen.storyboard in Resources */ = {isa = PBXBuildFile; fileRef = F2BACE611E8B862900F6AD2E /* LaunchScreen.storyboard */; };
		F2BACE6E1E8B862900F6AD2E /* MiraclePillsTests.swift in Sources */ = {isa = PBXBuildFile; fileRef = F2BACE6D1E8B862900F6AD2E /* MiraclePillsTests.swift */; };
		F2BACE791E8B862900F6AD2E /* MiraclePillsUITests.swift in Sources */ = {isa = PBXBuildFile; fileRef = F2BACE781E8B862900F6AD2E /* MiraclePillsUITests.swift */; };
/* End PBXBuildFile section */

/* Begin PBXContainerItemProxy section */
		F2BACE6A1E8B862900F6AD2E /* PBXContainerItemProxy */ = {
			isa = PBXContainerItemProxy;
			containerPortal = F2BACE4D1E8B862900F6AD2E /* Project object */;
			proxyType = 1;
			remoteGlobalIDString = F2BACE541E8B862900F6AD2E;
			remoteInfo = MiraclePills;
		};
		F2BACE751E8B862900F6AD2E /* PBXContainerItemProxy */ = {
			isa = PBXContainerItemProxy;
			containerPortal = F2BACE4D1E8B862900F6AD2E /* Project object */;
			proxyType = 1;
			remoteGlobalIDString = F2BACE541E8B862900F6AD2E;
			remoteInfo = MiraclePills;
		};
/* End PBXContainerItemProxy section */

/* Begin PBXFileReference section */
		F2BACE551E8B862900F6AD2E /* MiraclePills.app */ = {isa = PBXFileReference; explicitFileType = wrapper.application; includeInIndex = 0; path = MiraclePills.app; sourceTree = BUILT_PRODUCTS_DIR; };
		F2BACE581E8B862900F6AD2E /* AppDelegate.swift */ = {isa = PBXFileReference; lastKnownFileType = sourcecode.swift; path = AppDelegate.swift; sourceTree = "<group>"; };
		F2BACE5A1E8B862900F6AD2E /* ViewController.swift */ = {isa = PBXFileReference; lastKnownFileType = sourcecode.swift; path = ViewController.swift; sourceTree = "<group>"; };
		F2BACE5D1E8B862900F6AD2E /* Base */ = {isa = PBXFileReference; lastKnownFileType = file.storyboard; name = Base; path = Base.lproj/Main.storyboard; sourceTree = "<group>"; };
		F2BACE5F1E8B862900F6AD2E /* Assets.xcassets */ = {isa = PBXFileReference; lastKnownFileType = folder.assetcatalog; path = Assets.xcassets; sourceTree = "<group>"; };
		F2BACE621E8B862900F6AD2E /* Base */ = {isa = PBXFileReference; lastKnownFileType = file.storyboard; name = Base; path = Base.lproj/LaunchScreen.storyboard; sourceTree = "<group>"; };
		F2BACE641E8B862900F6AD2E /* Info.plist */ = {isa = PBXFileReference; lastKnownFileType = text.plist.xml; path = Info.plist; sourceTree = "<group>"; };
		F2BACE691E8B862900F6AD2E /* MiraclePillsTests.xctest */ = {isa = PBXFileReference; explicitFileType = wrapper.cfbundle; includeInIndex = 0; path = MiraclePillsTests.xctest; sourceTree = BUILT_PRODUCTS_DIR; };
		F2BACE6D1E8B862900F6AD2E /* MiraclePillsTests.swift */ = {isa = PBXFileReference; lastKnownFileType = sourcecode.swift; path = MiraclePillsTests.swift; sourceTree = "<group>"; };
		F2BACE6F1E8B862900F6AD2E /* Info.plist */ = {isa = PBXFileReference; lastKnownFileType = text.plist.xml; path = Info.plist; sourceTree = "<group>"; };
		F2BACE741E8B862900F6AD2E /* MiraclePillsUITests.xctest */ = {isa = PBXFileReference; explicitFileType = wrapper.cfbundle; includeInIndex = 0; path = MiraclePillsUITests.xctest; sourceTree = BUILT_PRODUCTS_DIR; };
		F2BACE781E8B862900F6AD2E /* MiraclePillsUITests.swift */ = {isa = PBXFileReference; lastKnownFileType = sourcecode.swift; path = MiraclePillsUITests.swift; sourceTree = "<group>"; };
		F2BACE7A1E8B862900F6AD2E /* Info.plist */ = {isa = PBXFileReference; lastKnownFileType = text.plist.xml; path = Info.plist; sourceTree = "<group>"; };
/* End PBXFileReference section */

/* Begin PBXFrameworksBuildPhase section */
		F2BACE521E8B862900F6AD2E /* Frameworks */ = {
			isa = PBXFrameworksBuildPhase;
			buildActionMask = 2147483647;
			files = (
			);
			runOnlyForDeploymentPostprocessing = 0;
		};
		F2BACE661E8B862900F6AD2E /* Frameworks */ = {
			isa = PBXFrameworksBuildPhase;
			buildActionMask = 2147483647;
			files = (
			);
			runOnlyForDeploymentPostprocessing = 0;
		};
		F2BACE711E8B862900F6AD2E /* Frameworks */ = {
			isa = PBXFrameworksBuildPhase;
			buildActionMask = 2147483647;
			files = (
			);
			runOnlyForDeploymentPostprocessing = 0;
		};
/* End PBXFrameworksBuildPhase section */

/* Begin PBXGroup section */
		F2BACE4C1E8B862900F6AD2E = {
			isa = PBXGroup;
			children = (
				F2BACE571E8B862900F6AD2E /* MiraclePills */,
				F2BACE6C1E8B862900F6AD2E /* MiraclePillsTests */,
				F2BACE771E8B862900F6AD2E /* MiraclePillsUITests */,
				F2BACE561E8B862900F6AD2E /* Products */,
			);
			sourceTree = "<group>";
		};
		F2BACE561E8B862900F6AD2E /* Products */ = {
			isa = PBXGroup;
			children = (
				F2BACE551E8B862900F6AD2E /* MiraclePills.app */,
				F2BACE691E8B862900F6AD2E /* MiraclePillsTests.xctest */,
				F2BACE741E8B862900F6AD2E /* MiraclePillsUITests.xctest */,
			);
			name = Products;
			sourceTree = "<group>";
		};
		F2BACE571E8B862900F6AD2E /* MiraclePills */ = {
			isa = PBXGroup;
			children = (
				F2BACE581E8B862900F6AD2E /* AppDelegate.swift */,
				F2BACE5A1E8B862900F6AD2E /* ViewController.swift */,
				F2BACE5C1E8B862900F6AD2E /* Main.storyboard */,
				F2BACE5F1E8B862900F6AD2E /* Assets.xcassets */,
				F2BACE611E8B862900F6AD2E /* LaunchScreen.storyboard */,
				F2BACE641E8B862900F6AD2E /* Info.plist */,
			);
			path = MiraclePills;
			sourceTree = "<group>";
		};
		F2BACE6C1E8B862900F6AD2E /* MiraclePillsTests */ = {
			isa = PBXGroup;
			children = (
				F2BACE6D1E8B862900F6AD2E /* MiraclePillsTests.swift */,
				F2BACE6F1E8B862900F6AD2E /* Info.plist */,
			);
			path = MiraclePillsTests;
			sourceTree = "<group>";
		};
		F2BACE771E8B862900F6AD2E /* MiraclePillsUITests */ = {
			isa = PBXGroup;
			children = (
				F2BACE781E8B862900F6AD2E /* MiraclePillsUITests.swift */,
				F2BACE7A1E8B862900F6AD2E /* Info.plist */,
			);
			path = MiraclePillsUITests;
			sourceTree = "<group>";
		};
/* End PBXGroup section */

/* Begin PBXNativeTarget section */
		F2BACE541E8B862900F6AD2E /* MiraclePills */ = {
			isa = PBXNativeTarget;
			buildConfigurationList = F2BACE7D1E8B862900F6AD2E /* Build configuration list for PBXNativeTarget "MiraclePills" */;
			buildPhases = (
				F2BACE511E8B862900F6AD2E /* Sources */,
				F2BACE521E8B862900F6AD2E /* Frameworks */,
				F2BACE531E8B862900F6AD2E /* Resources */,
			);
			buildRules = (
			);
			dependencies = (
			);
			name = MiraclePills;
			productName = MiraclePills;
			productReference = F2BACE551E8B862900F6AD2E /* MiraclePills.app */;
			productType = "com.apple.product-type.application";
		};
		F2BACE681E8B862900F6AD2E /* MiraclePillsTests */ = {
			isa = PBXNativeTarget;
			buildConfigurationList = F2BACE801E8B862900F6AD2E /* Build configuration list for PBXNativeTarget "MiraclePillsTests" */;
			buildPhases = (
				F2BACE651E8B862900F6AD2E /* Sources */,
				F2BACE661E8B862900F6AD2E /* Frameworks */,
				F2BACE671E8B862900F6AD2E /* Resources */,
			);
			buildRules = (
			);
			dependencies = (
				F2BACE6B1E8B862900F6AD2E /* PBXTargetDependency */,
			);
			name = MiraclePillsTests;
			productName = MiraclePillsTests;
			productReference = F2BACE691E8B862900F6AD2E /* MiraclePillsTests.xctest */;
			productType = "com.apple.product-type.bundle.unit-test";
		};
		F2BACE731E8B862900F6AD2E /* MiraclePillsUITests */ = {
			isa = PBXNativeTarget;
			buildConfigurationList = F2BACE831E8B862900F6AD2E /* Build configuration list for PBXNativeTarget "MiraclePillsUITests" */;
			buildPhases = (
				F2BACE701E8B862900F6AD2E /* Sources */,
				F2BACE711E8B862900F6AD2E /* Frameworks */,
				F2BACE721E8B862900F6AD2E /* Resources */,
			);
			buildRules = (
			);
			dependencies = (
				F2BACE761E8B862900F6AD2E /* PBXTargetDependency */,
			);
			name = MiraclePillsUITests;
			productName = MiraclePillsUITests;
			productReference = F2BACE741E8B862900F6AD2E /* MiraclePillsUITests.xctest */;
			productType = "com.apple.product-type.bundle.ui-testing";
		};
/* End PBXNativeTarget section */

/* Begin PBXProject section */
		F2BACE4D1E8B862900F6AD2E /* Project object */ = {
			isa = PBXProject;
			attributes = {
				LastSwiftUpdateCheck = 0820;
				LastUpgradeCheck = 0820;
				ORGANIZATIONNAME = HoangPhan;
				TargetAttributes = {
					F2BACE541E8B862900F6AD2E = {
						CreatedOnToolsVersion = 8.2.1;
						ProvisioningStyle = Automatic;
					};
					F2BACE681E8B862900F6AD2E = {
						CreatedOnToolsVersion = 8.2.1;
						ProvisioningStyle = Automatic;
						TestTargetID = F2BACE541E8B862900F6AD2E;
					};
					F2BACE731E8B862900F6AD2E = {
						CreatedOnToolsVersion = 8.2.1;
						ProvisioningStyle = Automatic;
						TestTargetID = F2BACE541E8B862900F6AD2E;
					};
				};
			};
			buildConfigurationList = F2BACE501E8B862900F6AD2E /* Build configuration list for PBXProject "MiraclePills" */;
			compatibilityVersion = "Xcode 3.2";
			developmentRegion = English;
			hasScannedForEncodings = 0;
			knownRegions = (
				en,
				Base,
			);
			mainGroup = F2BACE4C1E8B862900F6AD2E;
			productRefGroup = F2BACE561E8B862900F6AD2E /* Products */;
			projectDirPath = "";
			projectRoot = "";
			targets = (
				F2BACE541E8B862900F6AD2E /* MiraclePills */,
				F2BACE681E8B862900F6AD2E /* MiraclePillsTests */,
				F2BACE731E8B862900F6AD2E /* MiraclePillsUITests */,
			);
		};
/* End PBXProject section */

/* Begin PBXResourcesBuildPhase section */
		F2BACE531E8B862900F6AD2E /* Resources */ = {
			isa = PBXResourcesBuildPhase;
			buildActionMask = 2147483647;
			files = (
				F2BACE631E8B862900F6AD2E /* LaunchScreen.storyboard in Resources */,
				F2BACE601E8B862900F6AD2E /* Assets.xcassets in Resources */,
				F2BACE5E1E8B862900F6AD2E /* Main.storyboard in Resources */,
			);
			runOnlyForDeploymentPostprocessing = 0;
		};
		F2BACE671E8B862900F6AD2E /* Resources */ = {
			isa = PBXResourcesBuildPhase;
			buildActionMask = 2147483647;
			files = (
			);
			runOnlyForDeploymentPostprocessing = 0;
		};
		F2BACE721E8B862900F6AD2E /* Resources */ = {
			isa = PBXResourcesBuildPhase;
			buildActionMask = 2147483647;
			files = (
			);
			runOnlyForDeploymentPostprocessing = 0;
		};
/* End PBXResourcesBuildPhase section */

/* Begin PBXSourcesBuildPhase section */
		F2BACE511E8B862900F6AD2E /* Sources */ = {
			isa = PBXSourcesBuildPhase;
			buildActionMask = 2147483647;
			files = (
				F2BACE5B1E8B862900F6AD2E /* ViewController.swift in Sources */,
				F2BACE591E8B862900F6AD2E /* AppDelegate.swift in Sources */,
			);
			runOnlyForDeploymentPostprocessing = 0;
		};
		F2BACE651E8B862900F6AD2E /* Sources */ = {
			isa = PBXSourcesBuildPhase;
			buildActionMask = 2147483647;
			files = (
				F2BACE6E1E8B862900F6AD2E /* MiraclePillsTests.swift in Sources */,
			);
			runOnlyForDeploymentPostprocessing = 0;
		};
		F2BACE701E8B862900F6AD2E /* Sources */ = {
			isa = PBXSourcesBuildPhase;
			buildActionMask = 2147483647;
			files = (
				F2BACE791E8B862900F6AD2E /* MiraclePillsUITests.swift in Sources */,
			);
			runOnlyForDeploymentPostprocessing = 0;
		};
/* End PBXSourcesBuildPhase section */

/* Begin PBXTargetDependency section */
		F2BACE6B1E8B862900F6AD2E /* PBXTargetDependency */ = {
			isa = PBXTargetDependency;
			target = F2BACE541E8B862900F6AD2E /* MiraclePills */;
			targetProxy = F2BACE6A1E8B862900F6AD2E /* PBXContainerItemProxy */;
		};
		F2BACE761E8B862900F6AD2E /* PBXTargetDependency */ = {
			isa = PBXTargetDependency;
			target = F2BACE541E8B862900F6AD2E /* MiraclePills */;
			targetProxy = F2BACE751E8B862900F6AD2E /* PBXContainerItemProxy */;
		};
/* End PBXTargetDependency section */

/* Begin PBXVariantGroup section */
		F2BACE5C1E8B862900F6AD2E /* Main.storyboard */ = {
			isa = PBXVariantGroup;
			children = (
				F2BACE5D1E8B862900F6AD2E /* Base */,
			);
			name = Main.storyboard;
			sourceTree = "<group>";
		};
		F2BACE611E8B862900F6AD2E /* LaunchScreen.storyboard */ = {
			isa = PBXVariantGroup;
			children = (
				F2BACE621E8B862900F6AD2E /* Base */,
			);
			name = LaunchScreen.storyboard;
			sourceTree = "<group>";
		};
/* End PBXVariantGroup section */

/* Begin XCBuildConfiguration section */
		F2BACE7B1E8B862900F6AD2E /* Debug */ = {
			isa = XCBuildConfiguration;
			buildSettings = {
				ALWAYS_SEARCH_USER_PATHS = NO;
				CLANG_ANALYZER_NONNULL = YES;
				CLANG_CXX_LANGUAGE_STANDARD = "gnu++0x";
				CLANG_CXX_LIBRARY = "libc++";
				CLANG_ENABLE_MODULES = YES;
				CLANG_ENABLE_OBJC_ARC = YES;
				CLANG_WARN_BOOL_CONVERSION = YES;
				CLANG_WARN_CONSTANT_CONVERSION = YES;
				CLANG_WARN_DIRECT_OBJC_ISA_USAGE = YES_ERROR;
				CLANG_WARN_DOCUMENTATION_COMMENTS = YES;
				CLANG_WARN_EMPTY_BODY = YES;
				CLANG_WARN_ENUM_CONVERSION = YES;
				CLANG_WARN_INFINITE_RECURSION = YES;
				CLANG_WARN_INT_CONVERSION = YES;
				CLANG_WARN_OBJC_ROOT_CLASS = YES_ERROR;
				CLANG_WARN_SUSPICIOUS_MOVE = YES;
				CLANG_WARN_UNREACHABLE_CODE = YES;
				CLANG_WARN__DUPLICATE_METHOD_MATCH = YES;
				"CODE_SIGN_IDENTITY[sdk=iphoneos*]" = "iPhone Developer";
				COPY_PHASE_STRIP = NO;
				DEBUG_INFORMATION_FORMAT = dwarf;
				ENABLE_STRICT_OBJC_MSGSEND = YES;
				ENABLE_TESTABILITY = YES;
				GCC_C_LANGUAGE_STANDARD = gnu99;
				GCC_DYNAMIC_NO_PIC = NO;
				GCC_NO_COMMON_BLOCKS = YES;
				GCC_OPTIMIZATION_LEVEL = 0;
				GCC_PREPROCESSOR_DEFINITIONS = (
					"DEBUG=1",
					"$(inherited)",
				);
				GCC_WARN_64_TO_32_BIT_CONVERSION = YES;
				GCC_WARN_ABOUT_RETURN_TYPE = YES_ERROR;
				GCC_WARN_UNDECLARED_SELECTOR = YES;
				GCC_WARN_UNINITIALIZED_AUTOS = YES_AGGRESSIVE;
				GCC_WARN_UNUSED_FUNCTION = YES;
				GCC_WARN_UNUSED_VARIABLE = YES;
				IPHONEOS_DEPLOYMENT_TARGET = 10.2;
				MTL_ENABLE_DEBUG_INFO = YES;
				ONLY_ACTIVE_ARCH = YES;
				SDKROOT = iphoneos;
				SWIFT_ACTIVE_COMPILATION_CONDITIONS = DEBUG;
				SWIFT_OPTIMIZATION_LEVEL = "-Onone";
			};
			name = Debug;
		};
		F2BACE7C1E8B862900F6AD2E /* Release */ = {
			isa = XCBuildConfiguration;
			buildSettings = {
				ALWAYS_SEARCH_USER_PATHS = NO;
				CLANG_ANALYZER_NONNULL = YES;
				CLANG_CXX_LANGUAGE_STANDARD = "gnu++0x";
				CLANG_CXX_LIBRARY = "libc++";
				CLANG_ENABLE_MODULES = YES;
				CLANG_ENABLE_OBJC_ARC = YES;
				CLANG_WARN_BOOL_CONVERSION = YES;
				CLANG_WARN_CONSTANT_CONVERSION = YES;
				CLANG_WARN_DIRECT_OBJC_ISA_USAGE = YES_ERROR;
				CLANG_WARN_DOCUMENTATION_COMMENTS = YES;
				CLANG_WARN_EMPTY_BODY = YES;
				CLANG_WARN_ENUM_CONVERSION = YES;
				CLANG_WARN_INFINITE_RECURSION = YES;
				CLANG_WARN_INT_CONVERSION = YES;
				CLANG_WARN_OBJC_ROOT_CLASS = YES_ERROR;
				CLANG_WARN_SUSPICIOUS_MOVE = YES;
				CLANG_WARN_UNREACHABLE_CODE = YES;
				CLANG_WARN__DUPLICATE_METHOD_MATCH = YES;
				"CODE_SIGN_IDENTITY[sdk=iphoneos*]" = "iPhone Developer";
				COPY_PHASE_STRIP = NO;
				DEBUG_INFORMATION_FORMAT = "dwarf-with-dsym";
				ENABLE_NS_ASSERTIONS = NO;
				ENABLE_STRICT_OBJC_MSGSEND = YES;
				GCC_C_LANGUAGE_STANDARD = gnu99;
				GCC_NO_COMMON_BLOCKS = YES;
				GCC_WARN_64_TO_32_BIT_CONVERSION = YES;
				GCC_WARN_ABOUT_RETURN_TYPE = YES_ERROR;
				GCC_WARN_UNDECLARED_SELECTOR = YES;
				GCC_WARN_UNINITIALIZED_AUTOS = YES_AGGRESSIVE;
				GCC_WARN_UNUSED_FUNCTION = YES;
				GCC_WARN_UNUSED_VARIABLE = YES;
				IPHONEOS_DEPLOYMENT_TARGET = 10.2;
				MTL_ENABLE_DEBUG_INFO = NO;
				SDKROOT = iphoneos;
				SWIFT_OPTIMIZATION_LEVEL = "-Owholemodule";
				VALIDATE_PRODUCT = YES;
			};
			name = Release;
		};
		F2BACE7E1E8B862900F6AD2E /* Debug */ = {
			isa = XCBuildConfiguration;
			buildSettings = {
				ASSETCATALOG_COMPILER_APPICON_NAME = AppIcon;
				INFOPLIST_FILE = MiraclePills/Info.plist;
				LD_RUNPATH_SEARCH_PATHS = "$(inherited) @executable_path/Frameworks";
				PRODUCT_BUNDLE_IDENTIFIER = hoangphan.MiraclePills;
				PRODUCT_NAME = "$(TARGET_NAME)";
				SWIFT_VERSION = 3.0;
			};
			name = Debug;
		};
		F2BACE7F1E8B862900F6AD2E /* Release */ = {
			isa = XCBuildConfiguration;
			buildSettings = {
				ASSETCATALOG_COMPILER_APPICON_NAME = AppIcon;
				INFOPLIST_FILE = MiraclePills/Info.plist;
				LD_RUNPATH_SEARCH_PATHS = "$(inherited) @executable_path/Frameworks";
				PRODUCT_BUNDLE_IDENTIFIER = hoangphan.MiraclePills;
				PRODUCT_NAME = "$(TARGET_NAME)";
				SWIFT_VERSION = 3.0;
			};
			name = Release;
		};
		F2BACE811E8B862900F6AD2E /* Debug */ = {
			isa = XCBuildConfiguration;
			buildSettings = {
				ALWAYS_EMBED_SWIFT_STANDARD_LIBRARIES = YES;
				BUNDLE_LOADER = "$(TEST_HOST)";
				INFOPLIST_FILE = MiraclePillsTests/Info.plist;
				LD_RUNPATH_SEARCH_PATHS = "$(inherited) @executable_path/Frameworks @loader_path/Frameworks";
				PRODUCT_BUNDLE_IDENTIFIER = hoangphan.MiraclePillsTests;
				PRODUCT_NAME = "$(TARGET_NAME)";
				SWIFT_VERSION = 3.0;
				TEST_HOST = "$(BUILT_PRODUCTS_DIR)/MiraclePills.app/MiraclePills";
			};
			name = Debug;
		};
		F2BACE821E8B862900F6AD2E /* Release */ = {
			isa = XCBuildConfiguration;
			buildSettings = {
				ALWAYS_EMBED_SWIFT_STANDARD_LIBRARIES = YES;
				BUNDLE_LOADER = "$(TEST_HOST)";
				INFOPLIST_FILE = MiraclePillsTests/Info.plist;
				LD_RUNPATH_SEARCH_PATHS = "$(inherited) @executable_path/Frameworks @loader_path/Frameworks";
				PRODUCT_BUNDLE_IDENTIFIER = hoangphan.MiraclePillsTests;
				PRODUCT_NAME = "$(TARGET_NAME)";
				SWIFT_VERSION = 3.0;
				TEST_HOST = "$(BUILT_PRODUCTS_DIR)/MiraclePills.app/MiraclePills";
			};
			name = Release;
		};
		F2BACE841E8B862900F6AD2E /* Debug */ = {
			isa = XCBuildConfiguration;
			buildSettings = {
				ALWAYS_EMBED_SWIFT_STANDARD_LIBRARIES = YES;
				INFOPLIST_FILE = MiraclePillsUITests/Info.plist;
				LD_RUNPATH_SEARCH_PATHS = "$(inherited) @executable_path/Frameworks @loader_path/Frameworks";
				PRODUCT_BUNDLE_IDENTIFIER = hoangphan.MiraclePillsUITests;
				PRODUCT_NAME = "$(TARGET_NAME)";
				SWIFT_VERSION = 3.0;
				TEST_TARGET_NAME = MiraclePills;
			};
			name = Debug;
		};
		F2BACE851E8B862900F6AD2E /* Release */ = {
			isa = XCBuildConfiguration;
			buildSettings = {
				ALWAYS_EMBED_SWIFT_STANDARD_LIBRARIES = YES;
				INFOPLIST_FILE = MiraclePillsUITests/Info.plist;
				LD_RUNPATH_SEARCH_PATHS = "$(inherited) @executable_path/Frameworks @loader_path/Frameworks";
				PRODUCT_BUNDLE_IDENTIFIER = hoangphan.MiraclePillsUITests;
				PRODUCT_NAME = "$(TARGET_NAME)";
				SWIFT_VERSION = 3.0;
				TEST_TARGET_NAME = MiraclePills;
			};
			name = Release;
		};
/* End XCBuildConfiguration section */

/* Begin XCConfigurationList section */
		F2BACE501E8B862900F6AD2E /* Build configuration list for PBXProject "MiraclePills" */ = {
			isa = XCConfigurationList;
			buildConfigurations = (
				F2BACE7B1E8B862900F6AD2E /* Debug */,
				F2BACE7C1E8B862900F6AD2E /* Release */,
			);
			defaultConfigurationIsVisible = 0;
			defaultConfigurationName = Release;
		};
		F2BACE7D1E8B862900F6AD2E /* Build configuration list for PBXNativeTarget "MiraclePills" */ = {
			isa = XCConfigurationList;
			buildConfigurations = (
				F2BACE7E1E8B862900F6AD2E /* Debug */,
				F2BACE7F1E8B862900F6AD2E /* Release */,
			);
			defaultConfigurationIsVisible = 0;
		};
		F2BACE801E8B862900F6AD2E /* Build configuration list for PBXNativeTarget "MiraclePillsTests" */ = {
			isa = XCConfigurationList;
			buildConfigurations = (
				F2BACE811E8B862900F6AD2E /* Debug */,
				F2BACE821E8B862900F6AD2E /* Release */,
			);
			defaultConfigurationIsVisible = 0;
		};
		F2BACE831E8B862900F6AD2E /* Build configuration list for PBXNativeTarget "MiraclePillsUITests" */ = {
			isa = XCConfigurationList;
			buildConfigurations = (
				F2BACE841E8B862900F6AD2E /* Debug */,
				F2BACE851E8B862900F6AD2E /* Release */,
			);
			defaultConfigurationIsVisible = 0;
		};
/* End XCConfigurationList section */
	};
	rootObject = F2BACE4D1E8B862900F6AD2E /* Project object */;
}
